
Microsoft Visual Studio Solution File, Format Version 12.00
# Visual Studio 2013
VisualStudioVersion = 12.0.21005.1
MinimumVisualStudioVersion = 10.0.40219.1
Project("{FAE04EC0-301F-11D3-BF4B-00C04F79EFBC}") = "MainAPP", "MainAPP\MainAPP.csproj", "{28E16EF1-9044-45B6-8119-DEF7B8BE8B1F}"
EndProject
Project("{FAE04EC0-301F-11D3-BF4B-00C04F79EFBC}") = "Lib_MeasurementUtilities", "Lib_MeasurementUtilities\Lib_MeasurementUtilities.csproj", "{2E9F578A-DFCE-4456-91FB-ABFFAAB3D7D0}"
EndProject
Project("{FAE04EC0-301F-11D3-BF4B-00C04F79EFBC}") = "I2Helper", "I2Helper\I2Helper.csproj", "{F35F9B1C-1A3D-490F-8C16-96FD825A32B6}"
EndProject
Global
	GlobalSection(SolutionConfigurationPlatforms) = preSolution
		Debug|Any CPU = Debug|Any CPU
		Release|Any CPU = Release|Any CPU
	EndGlobalSection
	GlobalSection(ProjectConfigurationPlatforms) = postSolution
		{28E16EF1-9044-45B6-8119-DEF7B8BE8B1F}.Debug|Any CPU.ActiveCfg = Debug|Any CPU
		{28E16EF1-9044-45B6-8119-DEF7B8BE8B1F}.Debug|Any CPU.Build.0 = Debug|Any CPU
		{28E16EF1-9044-45B6-8119-DEF7B8BE8B1F}.Release|Any CPU.ActiveCfg = Release|Any CPU
		{28E16EF1-9044-45B6-8119-DEF7B8BE8B1F}.Release|Any CPU.Build.0 = Release|Any CPU
		{2E9F578A-DFCE-4456-91FB-ABFFAAB3D7D0}.Debug|Any CPU.ActiveCfg = Debug|Any CPU
		{2E9F578A-DFCE-4456-91FB-ABFFAAB3D7D0}.Debug|Any CPU.Build.0 = Debug|Any CPU
		{2E9F578A-DFCE-4456-91FB-ABFFAAB3D7D0}.Release|Any CPU.ActiveCfg = Release|Any CPU
		{2E9F578A-DFCE-4456-91FB-ABFFAAB3D7D0}.Release|Any CPU.Build.0 = Release|Any CPU
		{F35F9B1C-1A3D-490F-8C16-96FD825A32B6}.Debug|Any CPU.ActiveCfg = Debug|Any CPU
		{F35F9B1C-1A3D-490F-8C16-96FD825A32B6}.Debug|Any CPU.Build.0 = Debug|Any CPU
		{F35F9B1C-1A3D-490F-8C16-96FD825A32B6}.Release|Any CPU.ActiveCfg = Release|Any CPU
		{F35F9B1C-1A3D-490F-8C16-96FD825A32B6}.Release|Any CPU.Build.0 = Release|Any CPU
	EndGlobalSection
	GlobalSection(SolutionProperties) = preSolution
		HideSolutionNode = FALSE
	EndGlobalSection
EndGlobal
